// !$*UTF8*$!
{
	archiveVersion = 1;
	classes = {
	};
	objectVersion = 48;
	objects = {

/* Begin PBXBuildFile section */
		4800C47F223DC732001C1099 /* RatingControl.swift in Sources */ = {isa = PBXBuildFile; fileRef = 4800C47E223DC732001C1099 /* RatingControl.swift */; };
		481545D8223DE8CB005C78F0 /* Meal.swift in Sources */ = {isa = PBXBuildFile; fileRef = 481545D7223DE8CB005C78F0 /* Meal.swift */; };
		48EEEC2E223D9182006E17E2 /* AppDelegate.swift in Sources */ = {isa = PBXBuildFile; fileRef = 48EEEC2D223D9182006E17E2 /* AppDelegate.swift */; };
		48EEEC30223D9182006E17E2 /* ViewController.swift in Sources */ = {isa = PBXBuildFile; fileRef = 48EEEC2F223D9182006E17E2 /* ViewController.swift */; };
		48EEEC33223D9182006E17E2 /* Main.storyboard in Resources */ = {isa = PBXBuildFile; fileRef = 48EEEC31223D9182006E17E2 /* Main.storyboard */; };
		48EEEC35223D9182006E17E2 /* Assets.xcassets in Resources */ = {isa = PBXBuildFile; fileRef = 48EEEC34223D9182006E17E2 /* Assets.xcassets */; };
		48EEEC38223D9182006E17E2 /* LaunchScreen.storyboard in Resources */ = {isa = PBXBuildFile; fileRef = 48EEEC36223D9182006E17E2 /* LaunchScreen.storyboard */; };
		48EEEC43223D9182006E17E2 /* FoodtrackerTests.swift in Sources */ = {isa = PBXBuildFile; fileRef = 48EEEC42223D9182006E17E2 /* FoodtrackerTests.swift */; };
/* End PBXBuildFile section */

/* Begin PBXContainerItemProxy section */
		48EEEC3F223D9182006E17E2 /* PBXContainerItemProxy */ = {
			isa = PBXContainerItemProxy;
			containerPortal = 48EEEC22223D9182006E17E2 /* Project object */;
			proxyType = 1;
			remoteGlobalIDString = 48EEEC29223D9182006E17E2;
			remoteInfo = Foodtracker;
		};
/* End PBXContainerItemProxy section */

/* Begin PBXFileReference section */
		4800C47E223DC732001C1099 /* RatingControl.swift */ = {isa = PBXFileReference; lastKnownFileType = sourcecode.swift; path = RatingControl.swift; sourceTree = "<group>"; };
		481545D7223DE8CB005C78F0 /* Meal.swift */ = {isa = PBXFileReference; lastKnownFileType = sourcecode.swift; path = Meal.swift; sourceTree = "<group>"; };
		48EEEC2A223D9182006E17E2 /* Foodtracker.app */ = {isa = PBXFileReference; explicitFileType = wrapper.application; includeInIndex = 0; path = Foodtracker.app; sourceTree = BUILT_PRODUCTS_DIR; };
		48EEEC2D223D9182006E17E2 /* AppDelegate.swift */ = {isa = PBXFileReference; lastKnownFileType = sourcecode.swift; path = AppDelegate.swift; sourceTree = "<group>"; };
		48EEEC2F223D9182006E17E2 /* ViewController.swift */ = {isa = PBXFileReference; lastKnownFileType = sourcecode.swift; path = ViewController.swift; sourceTree = "<group>"; };
		48EEEC32223D9182006E17E2 /* Base */ = {isa = PBXFileReference; lastKnownFileType = file.storyboard; name = Base; path = Base.lproj/Main.storyboard; sourceTree = "<group>"; };
		48EEEC34223D9182006E17E2 /* Assets.xcassets */ = {isa = PBXFileReference; lastKnownFileType = folder.assetcatalog; path = Assets.xcassets; sourceTree = "<group>"; };
		48EEEC37223D9182006E17E2 /* Base */ = {isa = PBXFileReference; lastKnownFileType = file.storyboard; name = Base; path = Base.lproj/LaunchScreen.storyboard; sourceTree = "<group>"; };
		48EEEC39223D9182006E17E2 /* Info.plist */ = {isa = PBXFileReference; lastKnownFileType = text.plist.xml; path = Info.plist; sourceTree = "<group>"; };
		48EEEC3E223D9182006E17E2 /* FoodtrackerTests.xctest */ = {isa = PBXFileReference; explicitFileType = wrapper.cfbundle; includeInIndex = 0; path = FoodtrackerTests.xctest; sourceTree = BUILT_PRODUCTS_DIR; };
		48EEEC42223D9182006E17E2 /* FoodtrackerTests.swift */ = {isa = PBXFileReference; lastKnownFileType = sourcecode.swift; path = FoodtrackerTests.swift; sourceTree = "<group>"; };
		48EEEC44223D9182006E17E2 /* Info.plist */ = {isa = PBXFileReference; lastKnownFileType = text.plist.xml; path = Info.plist; sourceTree = "<group>"; };
/* End PBXFileReference section */

/* Begin PBXFrameworksBuildPhase section */
		48EEEC27223D9182006E17E2 /* Frameworks */ = {
			isa = PBXFrameworksBuildPhase;
			buildActionMask = 2147483647;
			files = (
			);
			runOnlyForDeploymentPostprocessing = 0;
		};
		48EEEC3B223D9182006E17E2 /* Frameworks */ = {
			isa = PBXFrameworksBuildPhase;
			buildActionMask = 2147483647;
			files = (
			);
			runOnlyForDeploymentPostprocessing = 0;
		};
/* End PBXFrameworksBuildPhase section */

/* Begin PBXGroup section */
		48EEEC21223D9182006E17E2 = {
			isa = PBXGroup;
			children = (
				48EEEC2C223D9182006E17E2 /* Foodtracker */,
				48EEEC41223D9182006E17E2 /* FoodtrackerTests */,
				48EEEC2B223D9182006E17E2 /* Products */,
			);
			sourceTree = "<group>";
		};
		48EEEC2B223D9182006E17E2 /* Products */ = {
			isa = PBXGroup;
			children = (
				48EEEC2A223D9182006E17E2 /* Foodtracker.app */,
				48EEEC3E223D9182006E17E2 /* FoodtrackerTests.xctest */,
			);
			name = Products;
			sourceTree = "<group>";
		};
		48EEEC2C223D9182006E17E2 /* Foodtracker */ = {
			isa = PBXGroup;
			children = (
				48EEEC2D223D9182006E17E2 /* AppDelegate.swift */,
				48EEEC2F223D9182006E17E2 /* ViewController.swift */,
				481545D7223DE8CB005C78F0 /* Meal.swift */,
				4800C47E223DC732001C1099 /* RatingControl.swift */,
				48EEEC31223D9182006E17E2 /* Main.storyboard */,
				48EEEC34223D9182006E17E2 /* Assets.xcassets */,
				48EEEC36223D9182006E17E2 /* LaunchScreen.storyboard */,
				48EEEC39223D9182006E17E2 /* Info.plist */,
			);
			path = Foodtracker;
			sourceTree = "<group>";
		};
		48EEEC41223D9182006E17E2 /* FoodtrackerTests */ = {
			isa = PBXGroup;
			children = (
				48EEEC42223D9182006E17E2 /* FoodtrackerTests.swift */,
				48EEEC44223D9182006E17E2 /* Info.plist */,
			);
			path = FoodtrackerTests;
			sourceTree = "<group>";
		};
/* End PBXGroup section */

/* Begin PBXNativeTarget section */
		48EEEC29223D9182006E17E2 /* Foodtracker */ = {
			isa = PBXNativeTarget;
			buildConfigurationList = 48EEEC47223D9182006E17E2 /* Build configuration list for PBXNativeTarget "Foodtracker" */;
			buildPhases = (
				48EEEC26223D9182006E17E2 /* Sources */,
				48EEEC27223D9182006E17E2 /* Frameworks */,
				48EEEC28223D9182006E17E2 /* Resources */,
			);
			buildRules = (
			);
			dependencies = (
			);
			name = Foodtracker;
			productName = Foodtracker;
			productReference = 48EEEC2A223D9182006E17E2 /* Foodtracker.app */;
			productType = "com.apple.product-type.application";
		};
		48EEEC3D223D9182006E17E2 /* FoodtrackerTests */ = {
			isa = PBXNativeTarget;
			buildConfigurationList = 48EEEC4A223D9182006E17E2 /* Build configuration list for PBXNativeTarget "FoodtrackerTests" */;
			buildPhases = (
				48EEEC3A223D9182006E17E2 /* Sources */,
				48EEEC3B223D9182006E17E2 /* Frameworks */,
				48EEEC3C223D9182006E17E2 /* Resources */,
			);
			buildRules = (
			);
			dependencies = (
				48EEEC40223D9182006E17E2 /* PBXTargetDependency */,
			);
			name = FoodtrackerTests;
			productName = FoodtrackerTests;
			productReference = 48EEEC3E223D9182006E17E2 /* FoodtrackerTests.xctest */;
			productType = "com.apple.product-type.bundle.unit-test";
		};
/* End PBXNativeTarget section */

/* Begin PBXProject section */
		48EEEC22223D9182006E17E2 /* Project object */ = {
			isa = PBXProject;
			attributes = {
				LastSwiftUpdateCheck = 0920;
				LastUpgradeCheck = 0920;
				ORGANIZATIONNAME = Bitsmith;
				TargetAttributes = {
					48EEEC29223D9182006E17E2 = {
						CreatedOnToolsVersion = 9.2;
						ProvisioningStyle = Automatic;
					};
					48EEEC3D223D9182006E17E2 = {
						CreatedOnToolsVersion = 9.2;
						ProvisioningStyle = Automatic;
						TestTargetID = 48EEEC29223D9182006E17E2;
					};
				};
			};
			buildConfigurationList = 48EEEC25223D9182006E17E2 /* Build configuration list for PBXProject "Foodtracker" */;
			compatibilityVersion = "Xcode 8.0";
			developmentRegion = en;
			hasScannedForEncodings = 0;
			knownRegions = (
				en,
				Base,
			);
			mainGroup = 48EEEC21223D9182006E17E2;
			productRefGroup = 48EEEC2B223D9182006E17E2 /* Products */;
			projectDirPath = "";
			projectRoot = "";
			targets = (
				48EEEC29223D9182006E17E2 /* Foodtracker */,
				48EEEC3D223D9182006E17E2 /* FoodtrackerTests */,
			);
		};
/* End PBXProject section */

/* Begin PBXResourcesBuildPhase section */
		48EEEC28223D9182006E17E2 /* Resources */ = {
			isa = PBXResourcesBuildPhase;
			buildActionMask = 2147483647;
			files = (
				48EEEC38223D9182006E17E2 /* LaunchScreen.storyboard in Resources */,
				48EEEC35223D9182006E17E2 /* Assets.xcassets in Resources */,
				48EEEC33223D9182006E17E2 /* Main.storyboard in Resources */,
			);
			runOnlyForDeploymentPostprocessing = 0;
		};
		48EEEC3C223D9182006E17E2 /* Resources */ = {
			isa = PBXResourcesBuildPhase;
			buildActionMask = 2147483647;
			files = (
			);
			runOnlyForDeploymentPostprocessing = 0;
		};
/* End PBXResourcesBuildPhase section */

/* Begin PBXSourcesBuildPhase section */
		48EEEC26223D9182006E17E2 /* Sources */ = {
			isa = PBXSourcesBuildPhase;
			buildActionMask = 2147483647;
			files = (
				481545D8223DE8CB005C78F0 /* Meal.swift in Sources */,
				48EEEC30223D9182006E17E2 /* ViewController.swift in Sources */,
				4800C47F223DC732001C1099 /* RatingControl.swift in Sources */,
				48EEEC2E223D9182006E17E2 /* AppDelegate.swift in Sources */,
			);
			runOnlyForDeploymentPostprocessing = 0;
		};
		48EEEC3A223D9182006E17E2 /* Sources */ = {
			isa = PBXSourcesBuildPhase;
			buildActionMask = 2147483647;
			files = (
				48EEEC43223D9182006E17E2 /* FoodtrackerTests.swift in Sources */,
			);
			runOnlyForDeploymentPostprocessing = 0;
		};
/* End PBXSourcesBuildPhase section */

/* Begin PBXTargetDependency section */
		48EEEC40223D9182006E17E2 /* PBXTargetDependency */ = {
			isa = PBXTargetDependency;
			target = 48EEEC29223D9182006E17E2 /* Foodtracker */;
			targetProxy = 48EEEC3F223D9182006E17E2 /* PBXContainerItemProxy */;
		};
/* End PBXTargetDependency section */

/* Begin PBXVariantGroup section */
		48EEEC31223D9182006E17E2 /* Main.storyboard */ = {
			isa = PBXVariantGroup;
			children = (
				48EEEC32223D9182006E17E2 /* Base */,
			);
			name = Main.storyboard;
			sourceTree = "<group>";
		};
		48EEEC36223D9182006E17E2 /* LaunchScreen.storyboard */ = {
			isa = PBXVariantGroup;
			children = (
				48EEEC37223D9182006E17E2 /* Base */,
			);
			name = LaunchScreen.storyboard;
			sourceTree = "<group>";
		};
/* End PBXVariantGroup section */

/* Begin XCBuildConfiguration section */
		48EEEC45223D9182006E17E2 /* Debug */ = {
			isa = XCBuildConfiguration;
			buildSettings = {
				ALWAYS_SEARCH_USER_PATHS = NO;
				CLANG_ANALYZER_NONNULL = YES;
				CLANG_ANALYZER_NUMBER_OBJECT_CONVERSION = YES_AGGRESSIVE;
				CLANG_CXX_LANGUAGE_STANDARD = "gnu++14";
				CLANG_CXX_LIBRARY = "libc++";
				CLANG_ENABLE_MODULES = YES;
				CLANG_ENABLE_OBJC_ARC = YES;
				CLANG_WARN_BLOCK_CAPTURE_AUTORELEASING = YES;
				CLANG_WARN_BOOL_CONVERSION = YES;
				CLANG_WARN_COMMA = YES;
				CLANG_WARN_CONSTANT_CONVERSION = YES;
				CLANG_WARN_DIRECT_OBJC_ISA_USAGE = YES_ERROR;
				CLANG_WARN_DOCUMENTATION_COMMENTS = YES;
				CLANG_WARN_EMPTY_BODY = YES;
				CLANG_WARN_ENUM_CONVERSION = YES;
				CLANG_WARN_INFINITE_RECURSION = YES;
				CLANG_WARN_INT_CONVERSION = YES;
				CLANG_WARN_NON_LITERAL_NULL_CONVERSION = YES;
				CLANG_WARN_OBJC_LITERAL_CONVERSION = YES;
				CLANG_WARN_OBJC_ROOT_CLASS = YES_ERROR;
				CLANG_WARN_RANGE_LOOP_ANALYSIS = YES;
				CLANG_WARN_STRICT_PROTOTYPES = YES;
				CLANG_WARN_SUSPICIOUS_MOVE = YES;
				CLANG_WARN_UNGUARDED_AVAILABILITY = YES_AGGRESSIVE;
				CLANG_WARN_UNREACHABLE_CODE = YES;
				CLANG_WARN__DUPLICATE_METHOD_MATCH = YES;
				CODE_SIGN_IDENTITY = "iPhone Developer";
				COPY_PHASE_STRIP = NO;
				DEBUG_INFORMATION_FORMAT = dwarf;
				ENABLE_STRICT_OBJC_MSGSEND = YES;
				ENABLE_TESTABILITY = YES;
				GCC_C_LANGUAGE_STANDARD = gnu11;
				GCC_DYNAMIC_NO_PIC = NO;
				GCC_NO_COMMON_BLOCKS = YES;
				GCC_OPTIMIZATION_LEVEL = 0;
				GCC_PREPROCESSOR_DEFINITIONS = (
					"DEBUG=1",
					"$(inherited)",
				);
				GCC_WARN_64_TO_32_BIT_CONVERSION = YES;
				GCC_WARN_ABOUT_RETURN_TYPE = YES_ERROR;
				GCC_WARN_UNDECLARED_SELECTOR = YES;
				GCC_WARN_UNINITIALIZED_AUTOS = YES_AGGRESSIVE;
				GCC_WARN_UNUSED_FUNCTION = YES;
				GCC_WARN_UNUSED_VARIABLE = YES;
				IPHONEOS_DEPLOYMENT_TARGET = 11.2;
				MTL_ENABLE_DEBUG_INFO = YES;
				ONLY_ACTIVE_ARCH = YES;
				SDKROOT = iphoneos;
				SWIFT_ACTIVE_COMPILATION_CONDITIONS = DEBUG;
				SWIFT_OPTIMIZATION_LEVEL = "-Onone";
			};
			name = Debug;
		};
		48EEEC46223D9182006E17E2 /* Release */ = {
			isa = XCBuildConfiguration;
			buildSettings = {
				ALWAYS_SEARCH_USER_PATHS = NO;
				CLANG_ANALYZER_NONNULL = YES;
				CLANG_ANALYZER_NUMBER_OBJECT_CONVERSION = YES_AGGRESSIVE;
				CLANG_CXX_LANGUAGE_STANDARD = "gnu++14";
				CLANG_CXX_LIBRARY = "libc++";
				CLANG_ENABLE_MODULES = YES;
				CLANG_ENABLE_OBJC_ARC = YES;
				CLANG_WARN_BLOCK_CAPTURE_AUTORELEASING = YES;
				CLANG_WARN_BOOL_CONVERSION = YES;
				CLANG_WARN_COMMA = YES;
				CLANG_WARN_CONSTANT_CONVERSION = YES;
				CLANG_WARN_DIRECT_OBJC_ISA_USAGE = YES_ERROR;
				CLANG_WARN_DOCUMENTATION_COMMENTS = YES;
				CLANG_WARN_EMPTY_BODY = YES;
				CLANG_WARN_ENUM_CONVERSION = YES;
				CLANG_WARN_INFINITE_RECURSION = YES;
				CLANG_WARN_INT_CONVERSION = YES;
				CLANG_WARN_NON_LITERAL_NULL_CONVERSION = YES;
				CLANG_WARN_OBJC_LITERAL_CONVERSION = YES;
				CLANG_WARN_OBJC_ROOT_CLASS = YES_ERROR;
				CLANG_WARN_RANGE_LOOP_ANALYSIS = YES;
				CLANG_WARN_STRICT_PROTOTYPES = YES;
				CLANG_WARN_SUSPICIOUS_MOVE = YES;
				CLANG_WARN_UNGUARDED_AVAILABILITY = YES_AGGRESSIVE;
				CLANG_WARN_UNREACHABLE_CODE = YES;
				CLANG_WARN__DUPLICATE_METHOD_MATCH = YES;
				CODE_SIGN_IDENTITY = "iPhone Developer";
				COPY_PHASE_STRIP = NO;
				DEBUG_INFORMATION_FORMAT = "dwarf-with-dsym";
				ENABLE_NS_ASSERTIONS = NO;
				ENABLE_STRICT_OBJC_MSGSEND = YES;
				GCC_C_LANGUAGE_STANDARD = gnu11;
				GCC_NO_COMMON_BLOCKS = YES;
				GCC_WARN_64_TO_32_BIT_CONVERSION = YES;
				GCC_WARN_ABOUT_RETURN_TYPE = YES_ERROR;
				GCC_WARN_UNDECLARED_SELECTOR = YES;
				GCC_WARN_UNINITIALIZED_AUTOS = YES_AGGRESSIVE;
				GCC_WARN_UNUSED_FUNCTION = YES;
				GCC_WARN_UNUSED_VARIABLE = YES;
				IPHONEOS_DEPLOYMENT_TARGET = 11.2;
				MTL_ENABLE_DEBUG_INFO = NO;
				SDKROOT = iphoneos;
				SWIFT_OPTIMIZATION_LEVEL = "-Owholemodule";
				VALIDATE_PRODUCT = YES;
			};
			name = Release;
		};
		48EEEC48223D9182006E17E2 /* Debug */ = {
			isa = XCBuildConfiguration;
			buildSettings = {
				ASSETCATALOG_COMPILER_APPICON_NAME = AppIcon;
				CODE_SIGN_STYLE = Automatic;
				INFOPLIST_FILE = Foodtracker/Info.plist;
				LD_RUNPATH_SEARCH_PATHS = "$(inherited) @executable_path/Frameworks";
				PRODUCT_BUNDLE_IDENTIFIER = com.example.Foodtracker;
				PRODUCT_NAME = "$(TARGET_NAME)";
				SWIFT_VERSION = 4.0;
				TARGETED_DEVICE_FAMILY = "1,2";
			};
			name = Debug;
		};
		48EEEC49223D9182006E17E2 /* Release */ = {
			isa = XCBuildConfiguration;
			buildSettings = {
				ASSETCATALOG_COMPILER_APPICON_NAME = AppIcon;
				CODE_SIGN_STYLE = Automatic;
				INFOPLIST_FILE = Foodtracker/Info.plist;
				LD_RUNPATH_SEARCH_PATHS = "$(inherited) @executable_path/Frameworks";
				PRODUCT_BUNDLE_IDENTIFIER = com.example.Foodtracker;
				PRODUCT_NAME = "$(TARGET_NAME)";
				SWIFT_VERSION = 4.0;
				TARGETED_DEVICE_FAMILY = "1,2";
			};
			name = Release;
		};
		48EEEC4B223D9182006E17E2 /* Debug */ = {
			isa = XCBuildConfiguration;
			buildSettings = {
				ALWAYS_EMBED_SWIFT_STANDARD_LIBRARIES = YES;
				BUNDLE_LOADER = "$(TEST_HOST)";
				CODE_SIGN_STYLE = Automatic;
				INFOPLIST_FILE = FoodtrackerTests/Info.plist;
				LD_RUNPATH_SEARCH_PATHS = "$(inherited) @executable_path/Frameworks @loader_path/Frameworks";
				PRODUCT_BUNDLE_IDENTIFIER = com.example.FoodtrackerTests;
				PRODUCT_NAME = "$(TARGET_NAME)";
				SWIFT_VERSION = 4.0;
				TARGETED_DEVICE_FAMILY = "1,2";
				TEST_HOST = "$(BUILT_PRODUCTS_DIR)/Foodtracker.app/Foodtracker";
			};
			name = Debug;
		};
		48EEEC4C223D9182006E17E2 /* Release */ = {
			isa = XCBuildConfiguration;
			buildSettings = {
				ALWAYS_EMBED_SWIFT_STANDARD_LIBRARIES = YES;
				BUNDLE_LOADER = "$(TEST_HOST)";
				CODE_SIGN_STYLE = Automatic;
				INFOPLIST_FILE = FoodtrackerTests/Info.plist;
				LD_RUNPATH_SEARCH_PATHS = "$(inherited) @executable_path/Frameworks @loader_path/Frameworks";
				PRODUCT_BUNDLE_IDENTIFIER = com.example.FoodtrackerTests;
				PRODUCT_NAME = "$(TARGET_NAME)";
				SWIFT_VERSION = 4.0;
				TARGETED_DEVICE_FAMILY = "1,2";
				TEST_HOST = "$(BUILT_PRODUCTS_DIR)/Foodtracker.app/Foodtracker";
			};
			name = Release;
		};
/* End XCBuildConfiguration section */

/* Begin XCConfigurationList section */
		48EEEC25223D9182006E17E2 /* Build configuration list for PBXProject "Foodtracker" */ = {
			isa = XCConfigurationList;
			buildConfigurations = (
				48EEEC45223D9182006E17E2 /* Debug */,
				48EEEC46223D9182006E17E2 /* Release */,
			);
			defaultConfigurationIsVisible = 0;
			defaultConfigurationName = Release;
		};
		48EEEC47223D9182006E17E2 /* Build configuration list for PBXNativeTarget "Foodtracker" */ = {
			isa = XCConfigurationList;
			buildConfigurations = (
				48EEEC48223D9182006E17E2 /* Debug */,
				48EEEC49223D9182006E17E2 /* Release */,
			);
			defaultConfigurationIsVisible = 0;
			defaultConfigurationName = Release;
		};
		48EEEC4A223D9182006E17E2 /* Build configuration list for PBXNativeTarget "FoodtrackerTests" */ = {
			isa = XCConfigurationList;
			buildConfigurations = (
				48EEEC4B223D9182006E17E2 /* Debug */,
				48EEEC4C223D9182006E17E2 /* Release */,
			);
			defaultConfigurationIsVisible = 0;
			defaultConfigurationName = Release;
		};
/* End XCConfigurationList section */
	};
	rootObject = 48EEEC22223D9182006E17E2 /* Project object */;
}
